// !$*UTF8*$!
{
	archiveVersion = 1;
	classes = {
	};
	objectVersion = 56;
	objects = {

/* Begin PBXBuildFile section */
		06841E3B2D07AF6C00B02E7F /* AppDelegate.swift in Sources */ = {isa = PBXBuildFile; fileRef = 06841E3A2D07AF6C00B02E7F /* AppDelegate.swift */; };
		06841E3D2D07AF6C00B02E7F /* SceneDelegate.swift in Sources */ = {isa = PBXBuildFile; fileRef = 06841E3C2D07AF6C00B02E7F /* SceneDelegate.swift */; };
		06841E502D07B18100B02E7F /* NearbyFlowController.swift in Sources */ = {isa = PBXBuildFile; fileRef = 06841E4F2D07B18100B02E7F /* NearbyFlowController.swift */; };
		06841E562D07BB6E00B02E7F /* Colors.swift in Sources */ = {isa = PBXBuildFile; fileRef = 06841E552D07BB6E00B02E7F /* Colors.swift */; };
		06841E5B2D07BDB000B02E7F /* SplashViewController.swift in Sources */ = {isa = PBXBuildFile; fileRef = 06841E5A2D07BDB000B02E7F /* SplashViewController.swift */; };
		06841E5E2D07BE1B00B02E7F /* SplashView.swift in Sources */ = {isa = PBXBuildFile; fileRef = 06841E5D2D07BE1B00B02E7F /* SplashView.swift */; };
		06841E612D07C1D200B02E7F /* Assets.xcassets in Resources */ = {isa = PBXBuildFile; fileRef = 06841E5F2D07C1D200B02E7F /* Assets.xcassets */; };
/* End PBXBuildFile section */

/* Begin PBXFileReference section */
		06841E372D07AF6C00B02E7F /* NearbyApp.app */ = {isa = PBXFileReference; explicitFileType = wrapper.application; includeInIndex = 0; path = NearbyApp.app; sourceTree = BUILT_PRODUCTS_DIR; };
		06841E3A2D07AF6C00B02E7F /* AppDelegate.swift */ = {isa = PBXFileReference; lastKnownFileType = sourcecode.swift; path = AppDelegate.swift; sourceTree = "<group>"; };
		06841E3C2D07AF6C00B02E7F /* SceneDelegate.swift */ = {isa = PBXFileReference; lastKnownFileType = sourcecode.swift; path = SceneDelegate.swift; sourceTree = "<group>"; };
		06841E482D07AF6D00B02E7F /* Info.plist */ = {isa = PBXFileReference; lastKnownFileType = text.plist.xml; path = Info.plist; sourceTree = "<group>"; };
		06841E4F2D07B18100B02E7F /* NearbyFlowController.swift */ = {isa = PBXFileReference; lastKnownFileType = sourcecode.swift; path = NearbyFlowController.swift; sourceTree = "<group>"; };
		06841E552D07BB6E00B02E7F /* Colors.swift */ = {isa = PBXFileReference; lastKnownFileType = sourcecode.swift; path = Colors.swift; sourceTree = "<group>"; };
		06841E5A2D07BDB000B02E7F /* SplashViewController.swift */ = {isa = PBXFileReference; lastKnownFileType = sourcecode.swift; path = SplashViewController.swift; sourceTree = "<group>"; };
		06841E5D2D07BE1B00B02E7F /* SplashView.swift */ = {isa = PBXFileReference; lastKnownFileType = sourcecode.swift; path = SplashView.swift; sourceTree = "<group>"; };
		06841E5F2D07C1D200B02E7F /* Assets.xcassets */ = {isa = PBXFileReference; lastKnownFileType = folder.assetcatalog; path = Assets.xcassets; sourceTree = "<group>"; };
/* End PBXFileReference section */

/* Begin PBXFrameworksBuildPhase section */
		06841E342D07AF6C00B02E7F /* Frameworks */ = {
			isa = PBXFrameworksBuildPhase;
			buildActionMask = 2147483647;
			files = (
			);
			runOnlyForDeploymentPostprocessing = 0;
		};
/* End PBXFrameworksBuildPhase section */

/* Begin PBXGroup section */
		06841E2E2D07AF6C00B02E7F = {
			isa = PBXGroup;
			children = (
				06841E392D07AF6C00B02E7F /* NearbyApp */,
				06841E382D07AF6C00B02E7F /* Products */,
			);
			sourceTree = "<group>";
		};
		06841E382D07AF6C00B02E7F /* Products */ = {
			isa = PBXGroup;
			children = (
				06841E372D07AF6C00B02E7F /* NearbyApp.app */,
			);
			name = Products;
			sourceTree = "<group>";
		};
		06841E392D07AF6C00B02E7F /* NearbyApp */ = {
			isa = PBXGroup;
			children = (
				06841E602D07C1D200B02E7F /* Resources */,
				06841E4E2D07B0D100B02E7F /* Sources */,
				06841E3A2D07AF6C00B02E7F /* AppDelegate.swift */,
				06841E3C2D07AF6C00B02E7F /* SceneDelegate.swift */,
				06841E482D07AF6D00B02E7F /* Info.plist */,
			);
			path = NearbyApp;
			sourceTree = "<group>";
		};
		06841E4E2D07B0D100B02E7F /* Sources */ = {
			isa = PBXGroup;
			children = (
				06841E522D07BB0900B02E7F /* Features */,
				06841E512D07BAFB00B02E7F /* Constants */,
			);
			path = Sources;
			sourceTree = "<group>";
		};
		06841E512D07BAFB00B02E7F /* Constants */ = {
			isa = PBXGroup;
			children = (
				06841E552D07BB6E00B02E7F /* Colors.swift */,
			);
			path = Constants;
			sourceTree = "<group>";
		};
		06841E522D07BB0900B02E7F /* Features */ = {
			isa = PBXGroup;
			children = (
				06841E582D07BD7900B02E7F /* Scene */,
				06841E572D07BC0C00B02E7F /* Coordinator */,
			);
			path = Features;
			sourceTree = "<group>";
		};
		06841E572D07BC0C00B02E7F /* Coordinator */ = {
			isa = PBXGroup;
			children = (
				06841E4F2D07B18100B02E7F /* NearbyFlowController.swift */,
			);
			path = Coordinator;
			sourceTree = "<group>";
		};
		06841E582D07BD7900B02E7F /* Scene */ = {
			isa = PBXGroup;
			children = (
				06841E592D07BD9200B02E7F /* Splash */,
			);
			path = Scene;
			sourceTree = "<group>";
		};
		06841E592D07BD9200B02E7F /* Splash */ = {
			isa = PBXGroup;
			children = (
				06841E5A2D07BDB000B02E7F /* SplashViewController.swift */,
				06841E5D2D07BE1B00B02E7F /* SplashView.swift */,
			);
			path = Splash;
			sourceTree = "<group>";
		};
		06841E602D07C1D200B02E7F /* Resources */ = {
			isa = PBXGroup;
			children = (
				06841E5F2D07C1D200B02E7F /* Assets.xcassets */,
			);
			name = Resources;
			path = "../../../../../../Downloads/nlw-pocket-mobile-swift-fc8ae9d79300fbf6c99204cdd6623448bcd51232/NearbyApp NLW/Resources";
			sourceTree = "<group>";
		};
/* End PBXGroup section */

/* Begin PBXNativeTarget section */
		06841E362D07AF6C00B02E7F /* NearbyApp */ = {
			isa = PBXNativeTarget;
			buildConfigurationList = 06841E4B2D07AF6D00B02E7F /* Build configuration list for PBXNativeTarget "NearbyApp" */;
			buildPhases = (
				06841E332D07AF6C00B02E7F /* Sources */,
				06841E342D07AF6C00B02E7F /* Frameworks */,
				06841E352D07AF6C00B02E7F /* Resources */,
			);
			buildRules = (
			);
			dependencies = (
			);
			name = NearbyApp;
			productName = NearbyApp;
			productReference = 06841E372D07AF6C00B02E7F /* NearbyApp.app */;
			productType = "com.apple.product-type.application";
		};
/* End PBXNativeTarget section */

/* Begin PBXProject section */
		06841E2F2D07AF6C00B02E7F /* Project object */ = {
			isa = PBXProject;
			attributes = {
				BuildIndependentTargetsInParallel = 1;
				LastSwiftUpdateCheck = 1540;
				LastUpgradeCheck = 1540;
				TargetAttributes = {
					06841E362D07AF6C00B02E7F = {
						CreatedOnToolsVersion = 15.4;
					};
				};
			};
			buildConfigurationList = 06841E322D07AF6C00B02E7F /* Build configuration list for PBXProject "NearbyApp" */;
			compatibilityVersion = "Xcode 14.0";
			developmentRegion = en;
			hasScannedForEncodings = 0;
			knownRegions = (
				en,
				Base,
			);
			mainGroup = 06841E2E2D07AF6C00B02E7F;
			productRefGroup = 06841E382D07AF6C00B02E7F /* Products */;
			projectDirPath = "";
			projectRoot = "";
			targets = (
				06841E362D07AF6C00B02E7F /* NearbyApp */,
			);
		};
/* End PBXProject section */

/* Begin PBXResourcesBuildPhase section */
		06841E352D07AF6C00B02E7F /* Resources */ = {
			isa = PBXResourcesBuildPhase;
			buildActionMask = 2147483647;
			files = (
				06841E612D07C1D200B02E7F /* Assets.xcassets in Resources */,
			);
			runOnlyForDeploymentPostprocessing = 0;
		};
/* End PBXResourcesBuildPhase section */

/* Begin PBXSourcesBuildPhase section */
		06841E332D07AF6C00B02E7F /* Sources */ = {
			isa = PBXSourcesBuildPhase;
			buildActionMask = 2147483647;
			files = (
				06841E502D07B18100B02E7F /* NearbyFlowController.swift in Sources */,
				06841E562D07BB6E00B02E7F /* Colors.swift in Sources */,
				06841E5B2D07BDB000B02E7F /* SplashViewController.swift in Sources */,
				06841E3B2D07AF6C00B02E7F /* AppDelegate.swift in Sources */,
				06841E3D2D07AF6C00B02E7F /* SceneDelegate.swift in Sources */,
				06841E5E2D07BE1B00B02E7F /* SplashView.swift in Sources */,
			);
			runOnlyForDeploymentPostprocessing = 0;
		};
/* End PBXSourcesBuildPhase section */

/* Begin XCBuildConfiguration section */
		06841E492D07AF6D00B02E7F /* Debug */ = {
			isa = XCBuildConfiguration;
			buildSettings = {
				ALWAYS_SEARCH_USER_PATHS = NO;
				ASSETCATALOG_COMPILER_GENERATE_SWIFT_ASSET_SYMBOL_EXTENSIONS = YES;
				CLANG_ANALYZER_NONNULL = YES;
				CLANG_ANALYZER_NUMBER_OBJECT_CONVERSION = YES_AGGRESSIVE;
				CLANG_CXX_LANGUAGE_STANDARD = "gnu++20";
				CLANG_ENABLE_MODULES = YES;
				CLANG_ENABLE_OBJC_ARC = YES;
				CLANG_ENABLE_OBJC_WEAK = YES;
				CLANG_WARN_BLOCK_CAPTURE_AUTORELEASING = YES;
				CLANG_WARN_BOOL_CONVERSION = YES;
				CLANG_WARN_COMMA = YES;
				CLANG_WARN_CONSTANT_CONVERSION = YES;
				CLANG_WARN_DEPRECATED_OBJC_IMPLEMENTATIONS = YES;
				CLANG_WARN_DIRECT_OBJC_ISA_USAGE = YES_ERROR;
				CLANG_WARN_DOCUMENTATION_COMMENTS = YES;
				CLANG_WARN_EMPTY_BODY = YES;
				CLANG_WARN_ENUM_CONVERSION = YES;
				CLANG_WARN_INFINITE_RECURSION = YES;
				CLANG_WARN_INT_CONVERSION = YES;
				CLANG_WARN_NON_LITERAL_NULL_CONVERSION = YES;
				CLANG_WARN_OBJC_IMPLICIT_RETAIN_SELF = YES;
				CLANG_WARN_OBJC_LITERAL_CONVERSION = YES;
				CLANG_WARN_OBJC_ROOT_CLASS = YES_ERROR;
				CLANG_WARN_QUOTED_INCLUDE_IN_FRAMEWORK_HEADER = YES;
				CLANG_WARN_RANGE_LOOP_ANALYSIS = YES;
				CLANG_WARN_STRICT_PROTOTYPES = YES;
				CLANG_WARN_SUSPICIOUS_MOVE = YES;
				CLANG_WARN_UNGUARDED_AVAILABILITY = YES_AGGRESSIVE;
				CLANG_WARN_UNREACHABLE_CODE = YES;
				CLANG_WARN__DUPLICATE_METHOD_MATCH = YES;
				COPY_PHASE_STRIP = NO;
				DEBUG_INFORMATION_FORMAT = dwarf;
				ENABLE_STRICT_OBJC_MSGSEND = YES;
				ENABLE_TESTABILITY = YES;
				ENABLE_USER_SCRIPT_SANDBOXING = YES;
				GCC_C_LANGUAGE_STANDARD = gnu17;
				GCC_DYNAMIC_NO_PIC = NO;
				GCC_NO_COMMON_BLOCKS = YES;
				GCC_OPTIMIZATION_LEVEL = 0;
				GCC_PREPROCESSOR_DEFINITIONS = (
					"DEBUG=1",
					"$(inherited)",
				);
				GCC_WARN_64_TO_32_BIT_CONVERSION = YES;
				GCC_WARN_ABOUT_RETURN_TYPE = YES_ERROR;
				GCC_WARN_UNDECLARED_SELECTOR = YES;
				GCC_WARN_UNINITIALIZED_AUTOS = YES_AGGRESSIVE;
				GCC_WARN_UNUSED_FUNCTION = YES;
				GCC_WARN_UNUSED_VARIABLE = YES;
				IPHONEOS_DEPLOYMENT_TARGET = 17.5;
				LOCALIZATION_PREFERS_STRING_CATALOGS = YES;
				MTL_ENABLE_DEBUG_INFO = INCLUDE_SOURCE;
				MTL_FAST_MATH = YES;
				ONLY_ACTIVE_ARCH = YES;
				SDKROOT = iphoneos;
				SWIFT_ACTIVE_COMPILATION_CONDITIONS = "DEBUG $(inherited)";
				SWIFT_OPTIMIZATION_LEVEL = "-Onone";
			};
			name = Debug;
		};
		06841E4A2D07AF6D00B02E7F /* Release */ = {
			isa = XCBuildConfiguration;
			buildSettings = {
				ALWAYS_SEARCH_USER_PATHS = NO;
				ASSETCATALOG_COMPILER_GENERATE_SWIFT_ASSET_SYMBOL_EXTENSIONS = YES;
				CLANG_ANALYZER_NONNULL = YES;
				CLANG_ANALYZER_NUMBER_OBJECT_CONVERSION = YES_AGGRESSIVE;
				CLANG_CXX_LANGUAGE_STANDARD = "gnu++20";
				CLANG_ENABLE_MODULES = YES;
				CLANG_ENABLE_OBJC_ARC = YES;
				CLANG_ENABLE_OBJC_WEAK = YES;
				CLANG_WARN_BLOCK_CAPTURE_AUTORELEASING = YES;
				CLANG_WARN_BOOL_CONVERSION = YES;
				CLANG_WARN_COMMA = YES;
				CLANG_WARN_CONSTANT_CONVERSION = YES;
				CLANG_WARN_DEPRECATED_OBJC_IMPLEMENTATIONS = YES;
				CLANG_WARN_DIRECT_OBJC_ISA_USAGE = YES_ERROR;
				CLANG_WARN_DOCUMENTATION_COMMENTS = YES;
				CLANG_WARN_EMPTY_BODY = YES;
				CLANG_WARN_ENUM_CONVERSION = YES;
				CLANG_WARN_INFINITE_RECURSION = YES;
				CLANG_WARN_INT_CONVERSION = YES;
				CLANG_WARN_NON_LITERAL_NULL_CONVERSION = YES;
				CLANG_WARN_OBJC_IMPLICIT_RETAIN_SELF = YES;
				CLANG_WARN_OBJC_LITERAL_CONVERSION = YES;
				CLANG_WARN_OBJC_ROOT_CLASS = YES_ERROR;
				CLANG_WARN_QUOTED_INCLUDE_IN_FRAMEWORK_HEADER = YES;
				CLANG_WARN_RANGE_LOOP_ANALYSIS = YES;
				CLANG_WARN_STRICT_PROTOTYPES = YES;
				CLANG_WARN_SUSPICIOUS_MOVE = YES;
				CLANG_WARN_UNGUARDED_AVAILABILITY = YES_AGGRESSIVE;
				CLANG_WARN_UNREACHABLE_CODE = YES;
				CLANG_WARN__DUPLICATE_METHOD_MATCH = YES;
				COPY_PHASE_STRIP = NO;
				DEBUG_INFORMATION_FORMAT = "dwarf-with-dsym";
				ENABLE_NS_ASSERTIONS = NO;
				ENABLE_STRICT_OBJC_MSGSEND = YES;
				ENABLE_USER_SCRIPT_SANDBOXING = YES;
				GCC_C_LANGUAGE_STANDARD = gnu17;
				GCC_NO_COMMON_BLOCKS = YES;
				GCC_WARN_64_TO_32_BIT_CONVERSION = YES;
				GCC_WARN_ABOUT_RETURN_TYPE = YES_ERROR;
				GCC_WARN_UNDECLARED_SELECTOR = YES;
				GCC_WARN_UNINITIALIZED_AUTOS = YES_AGGRESSIVE;
				GCC_WARN_UNUSED_FUNCTION = YES;
				GCC_WARN_UNUSED_VARIABLE = YES;
				IPHONEOS_DEPLOYMENT_TARGET = 17.5;
				LOCALIZATION_PREFERS_STRING_CATALOGS = YES;
				MTL_ENABLE_DEBUG_INFO = NO;
				MTL_FAST_MATH = YES;
				SDKROOT = iphoneos;
				SWIFT_COMPILATION_MODE = wholemodule;
				VALIDATE_PRODUCT = YES;
			};
			name = Release;
		};
		06841E4C2D07AF6D00B02E7F /* Debug */ = {
			isa = XCBuildConfiguration;
			buildSettings = {
				ASSETCATALOG_COMPILER_APPICON_NAME = AppIcon;
				ASSETCATALOG_COMPILER_GLOBAL_ACCENT_COLOR_NAME = AccentColor;
				CODE_SIGN_STYLE = Automatic;
				CURRENT_PROJECT_VERSION = 1;
				GENERATE_INFOPLIST_FILE = YES;
				INFOPLIST_FILE = NearbyApp/Info.plist;
				INFOPLIST_KEY_UIApplicationSupportsIndirectInputEvents = YES;
				INFOPLIST_KEY_UILaunchStoryboardName = SplashViewController;
				INFOPLIST_KEY_UISupportedInterfaceOrientations_iPad = "UIInterfaceOrientationPortrait UIInterfaceOrientationPortraitUpsideDown UIInterfaceOrientationLandscapeLeft UIInterfaceOrientationLandscapeRight";
				INFOPLIST_KEY_UISupportedInterfaceOrientations_iPhone = "UIInterfaceOrientationPortrait UIInterfaceOrientationLandscapeLeft UIInterfaceOrientationLandscapeRight";
				LD_RUNPATH_SEARCH_PATHS = (
					"$(inherited)",
					"@executable_path/Frameworks",
				);
				MARKETING_VERSION = 1.0;
				PRODUCT_BUNDLE_IDENTIFIER = "com.blooming-tech.NearbyApp";
				PRODUCT_NAME = "$(TARGET_NAME)";
				SWIFT_EMIT_LOC_STRINGS = YES;
				SWIFT_VERSION = 5.0;
				TARGETED_DEVICE_FAMILY = "1,2";
			};
			name = Debug;
		};
		06841E4D2D07AF6D00B02E7F /* Release */ = {
			isa = XCBuildConfiguration;
			buildSettings = {
				ASSETCATALOG_COMPILER_APPICON_NAME = AppIcon;
				ASSETCATALOG_COMPILER_GLOBAL_ACCENT_COLOR_NAME = AccentColor;
				CODE_SIGN_STYLE = Automatic;
				CURRENT_PROJECT_VERSION = 1;
				GENERATE_INFOPLIST_FILE = YES;
				INFOPLIST_FILE = NearbyApp/Info.plist;
				INFOPLIST_KEY_UIApplicationSupportsIndirectInputEvents = YES;
				INFOPLIST_KEY_UILaunchStoryboardName = SplashViewController;
				INFOPLIST_KEY_UISupportedInterfaceOrientations_iPad = "UIInterfaceOrientationPortrait UIInterfaceOrientationPortraitUpsideDown UIInterfaceOrientationLandscapeLeft UIInterfaceOrientationLandscapeRight";
				INFOPLIST_KEY_UISupportedInterfaceOrientations_iPhone = "UIInterfaceOrientationPortrait UIInterfaceOrientationLandscapeLeft UIInterfaceOrientationLandscapeRight";
				LD_RUNPATH_SEARCH_PATHS = (
					"$(inherited)",
					"@executable_path/Frameworks",
				);
				MARKETING_VERSION = 1.0;
				PRODUCT_BUNDLE_IDENTIFIER = "com.blooming-tech.NearbyApp";
				PRODUCT_NAME = "$(TARGET_NAME)";
				SWIFT_EMIT_LOC_STRINGS = YES;
				SWIFT_VERSION = 5.0;
				TARGETED_DEVICE_FAMILY = "1,2";
			};
			name = Release;
		};
/* End XCBuildConfiguration section */

/* Begin XCConfigurationList section */
		06841E322D07AF6C00B02E7F /* Build configuration list for PBXProject "NearbyApp" */ = {
			isa = XCConfigurationList;
			buildConfigurations = (
				06841E492D07AF6D00B02E7F /* Debug */,
				06841E4A2D07AF6D00B02E7F /* Release */,
			);
			defaultConfigurationIsVisible = 0;
			defaultConfigurationName = Release;
		};
		06841E4B2D07AF6D00B02E7F /* Build configuration list for PBXNativeTarget "NearbyApp" */ = {
			isa = XCConfigurationList;
			buildConfigurations = (
				06841E4C2D07AF6D00B02E7F /* Debug */,
				06841E4D2D07AF6D00B02E7F /* Release */,
			);
			defaultConfigurationIsVisible = 0;
			defaultConfigurationName = Release;
		};
/* End XCConfigurationList section */
	};
	rootObject = 06841E2F2D07AF6C00B02E7F /* Project object */;
}
